{
  "requires": true,
  "lockfileVersion": 1,
  "dependencies": {
    "bootstrap-material-design": {
      "version": "4.1.1",
      "resolved": "https://registry.npmjs.org/bootstrap-material-design/-/bootstrap-material-design-4.1.1.tgz",
      "integrity": "sha1-h0M9sL9k1qCvsPX6qoYGE0ydJtI="
    },
    "cropperjs": {
      "version": "1.4.1",
      "resolved": "https://registry.npmjs.org/cropperjs/-/cropperjs-1.4.1.tgz",
      "integrity": "sha512-PzKN8nVbFCxw5vp4nLMtsMcBcRtBJzliPZMr9HpbJ75vZuTK3mSbimKEfmxXmJwiF+ngp/JVd1wh5F7z3h4lUg=="
    }
  }
}
